// !$*UTF8*$!
{
	archiveVersion = 1;
	classes = {
	};
	objectVersion = 56;
	objects = {

/* Begin PBXBuildFile section */
		656F9AC4295D54B3003024D9 /* AppDelegate.swift in Sources */ = {isa = PBXBuildFile; fileRef = 656F9AC3295D54B3003024D9 /* AppDelegate.swift */; };
		656F9AC6295D54B3003024D9 /* SceneDelegate.swift in Sources */ = {isa = PBXBuildFile; fileRef = 656F9AC5295D54B3003024D9 /* SceneDelegate.swift */; };
		656F9AC8295D54B3003024D9 /* ViewController.swift in Sources */ = {isa = PBXBuildFile; fileRef = 656F9AC7295D54B3003024D9 /* ViewController.swift */; };
		656F9ACB295D54B3003024D9 /* Main.storyboard in Resources */ = {isa = PBXBuildFile; fileRef = 656F9AC9295D54B3003024D9 /* Main.storyboard */; };
		656F9ACD295D54B5003024D9 /* Assets.xcassets in Resources */ = {isa = PBXBuildFile; fileRef = 656F9ACC295D54B5003024D9 /* Assets.xcassets */; };
		656F9AD0295D54B5003024D9 /* LaunchScreen.storyboard in Resources */ = {isa = PBXBuildFile; fileRef = 656F9ACE295D54B5003024D9 /* LaunchScreen.storyboard */; };
		656F9ADB295D54B5003024D9 /* QuizTests.swift in Sources */ = {isa = PBXBuildFile; fileRef = 656F9ADA295D54B5003024D9 /* QuizTests.swift */; };
		656F9AE5295D54B5003024D9 /* QuizUITests.swift in Sources */ = {isa = PBXBuildFile; fileRef = 656F9AE4295D54B5003024D9 /* QuizUITests.swift */; };
		656F9AE7295D54B5003024D9 /* QuizUITestsLaunchTests.swift in Sources */ = {isa = PBXBuildFile; fileRef = 656F9AE6295D54B5003024D9 /* QuizUITestsLaunchTests.swift */; };
/* End PBXBuildFile section */

/* Begin PBXContainerItemProxy section */
		656F9AD7295D54B5003024D9 /* PBXContainerItemProxy */ = {
			isa = PBXContainerItemProxy;
			containerPortal = 656F9AB8295D54B3003024D9 /* Project object */;
			proxyType = 1;
			remoteGlobalIDString = 656F9ABF295D54B3003024D9;
			remoteInfo = Quiz;
		};
		656F9AE1295D54B5003024D9 /* PBXContainerItemProxy */ = {
			isa = PBXContainerItemProxy;
			containerPortal = 656F9AB8295D54B3003024D9 /* Project object */;
			proxyType = 1;
			remoteGlobalIDString = 656F9ABF295D54B3003024D9;
			remoteInfo = Quiz;
		};
/* End PBXContainerItemProxy section */

/* Begin PBXFileReference section */
		656F9AC0295D54B3003024D9 /* Quiz.app */ = {isa = PBXFileReference; explicitFileType = wrapper.application; includeInIndex = 0; path = Quiz.app; sourceTree = BUILT_PRODUCTS_DIR; };
		656F9AC3295D54B3003024D9 /* AppDelegate.swift */ = {isa = PBXFileReference; lastKnownFileType = sourcecode.swift; path = AppDelegate.swift; sourceTree = "<group>"; };
		656F9AC5295D54B3003024D9 /* SceneDelegate.swift */ = {isa = PBXFileReference; lastKnownFileType = sourcecode.swift; path = SceneDelegate.swift; sourceTree = "<group>"; };
		656F9AC7295D54B3003024D9 /* ViewController.swift */ = {isa = PBXFileReference; lastKnownFileType = sourcecode.swift; path = ViewController.swift; sourceTree = "<group>"; };
		656F9ACA295D54B3003024D9 /* Base */ = {isa = PBXFileReference; lastKnownFileType = file.storyboard; name = Base; path = Base.lproj/Main.storyboard; sourceTree = "<group>"; };
		656F9ACC295D54B5003024D9 /* Assets.xcassets */ = {isa = PBXFileReference; lastKnownFileType = folder.assetcatalog; path = Assets.xcassets; sourceTree = "<group>"; };
		656F9ACF295D54B5003024D9 /* Base */ = {isa = PBXFileReference; lastKnownFileType = file.storyboard; name = Base; path = Base.lproj/LaunchScreen.storyboard; sourceTree = "<group>"; };
		656F9AD1295D54B5003024D9 /* Info.plist */ = {isa = PBXFileReference; lastKnownFileType = text.plist.xml; path = Info.plist; sourceTree = "<group>"; };
		656F9AD6295D54B5003024D9 /* QuizTests.xctest */ = {isa = PBXFileReference; explicitFileType = wrapper.cfbundle; includeInIndex = 0; path = QuizTests.xctest; sourceTree = BUILT_PRODUCTS_DIR; };
		656F9ADA295D54B5003024D9 /* QuizTests.swift */ = {isa = PBXFileReference; lastKnownFileType = sourcecode.swift; path = QuizTests.swift; sourceTree = "<group>"; };
		656F9AE0295D54B5003024D9 /* QuizUITests.xctest */ = {isa = PBXFileReference; explicitFileType = wrapper.cfbundle; includeInIndex = 0; path = QuizUITests.xctest; sourceTree = BUILT_PRODUCTS_DIR; };
		656F9AE4295D54B5003024D9 /* QuizUITests.swift */ = {isa = PBXFileReference; lastKnownFileType = sourcecode.swift; path = QuizUITests.swift; sourceTree = "<group>"; };
		656F9AE6295D54B5003024D9 /* QuizUITestsLaunchTests.swift */ = {isa = PBXFileReference; lastKnownFileType = sourcecode.swift; path = QuizUITestsLaunchTests.swift; sourceTree = "<group>"; };
/* End PBXFileReference section */

/* Begin PBXFrameworksBuildPhase section */
		656F9ABD295D54B3003024D9 /* Frameworks */ = {
			isa = PBXFrameworksBuildPhase;
			buildActionMask = 2147483647;
			files = (
			);
			runOnlyForDeploymentPostprocessing = 0;
		};
		656F9AD3295D54B5003024D9 /* Frameworks */ = {
			isa = PBXFrameworksBuildPhase;
			buildActionMask = 2147483647;
			files = (
			);
			runOnlyForDeploymentPostprocessing = 0;
		};
		656F9ADD295D54B5003024D9 /* Frameworks */ = {
			isa = PBXFrameworksBuildPhase;
			buildActionMask = 2147483647;
			files = (
			);
			runOnlyForDeploymentPostprocessing = 0;
		};
/* End PBXFrameworksBuildPhase section */

/* Begin PBXGroup section */
		656F9AB7295D54B3003024D9 = {
			isa = PBXGroup;
			children = (
				656F9AC2295D54B3003024D9 /* Quiz */,
				656F9AD9295D54B5003024D9 /* QuizTests */,
				656F9AE3295D54B5003024D9 /* QuizUITests */,
				656F9AC1295D54B3003024D9 /* Products */,
			);
			sourceTree = "<group>";
		};
		656F9AC1295D54B3003024D9 /* Products */ = {
			isa = PBXGroup;
			children = (
				656F9AC0295D54B3003024D9 /* Quiz.app */,
				656F9AD6295D54B5003024D9 /* QuizTests.xctest */,
				656F9AE0295D54B5003024D9 /* QuizUITests.xctest */,
			);
			name = Products;
			sourceTree = "<group>";
		};
		656F9AC2295D54B3003024D9 /* Quiz */ = {
			isa = PBXGroup;
			children = (
				656F9AC3295D54B3003024D9 /* AppDelegate.swift */,
				656F9AC5295D54B3003024D9 /* SceneDelegate.swift */,
				656F9AC7295D54B3003024D9 /* ViewController.swift */,
				656F9AC9295D54B3003024D9 /* Main.storyboard */,
				656F9ACC295D54B5003024D9 /* Assets.xcassets */,
				656F9ACE295D54B5003024D9 /* LaunchScreen.storyboard */,
				656F9AD1295D54B5003024D9 /* Info.plist */,
			);
			path = Quiz;
			sourceTree = "<group>";
		};
		656F9AD9295D54B5003024D9 /* QuizTests */ = {
			isa = PBXGroup;
			children = (
				656F9ADA295D54B5003024D9 /* QuizTests.swift */,
			);
			path = QuizTests;
			sourceTree = "<group>";
		};
		656F9AE3295D54B5003024D9 /* QuizUITests */ = {
			isa = PBXGroup;
			children = (
				656F9AE4295D54B5003024D9 /* QuizUITests.swift */,
				656F9AE6295D54B5003024D9 /* QuizUITestsLaunchTests.swift */,
			);
			path = QuizUITests;
			sourceTree = "<group>";
		};
/* End PBXGroup section */

/* Begin PBXNativeTarget section */
		656F9ABF295D54B3003024D9 /* Quiz */ = {
			isa = PBXNativeTarget;
			buildConfigurationList = 656F9AEA295D54B5003024D9 /* Build configuration list for PBXNativeTarget "Quiz" */;
			buildPhases = (
				656F9ABC295D54B3003024D9 /* Sources */,
				656F9ABD295D54B3003024D9 /* Frameworks */,
				656F9ABE295D54B3003024D9 /* Resources */,
			);
			buildRules = (
			);
			dependencies = (
			);
			name = Quiz;
			productName = Quiz;
			productReference = 656F9AC0295D54B3003024D9 /* Quiz.app */;
			productType = "com.apple.product-type.application";
		};
		656F9AD5295D54B5003024D9 /* QuizTests */ = {
			isa = PBXNativeTarget;
			buildConfigurationList = 656F9AED295D54B5003024D9 /* Build configuration list for PBXNativeTarget "QuizTests" */;
			buildPhases = (
				656F9AD2295D54B5003024D9 /* Sources */,
				656F9AD3295D54B5003024D9 /* Frameworks */,
				656F9AD4295D54B5003024D9 /* Resources */,
			);
			buildRules = (
			);
			dependencies = (
				656F9AD8295D54B5003024D9 /* PBXTargetDependency */,
			);
			name = QuizTests;
			productName = QuizTests;
			productReference = 656F9AD6295D54B5003024D9 /* QuizTests.xctest */;
			productType = "com.apple.product-type.bundle.unit-test";
		};
		656F9ADF295D54B5003024D9 /* QuizUITests */ = {
			isa = PBXNativeTarget;
			buildConfigurationList = 656F9AF0295D54B5003024D9 /* Build configuration list for PBXNativeTarget "QuizUITests" */;
			buildPhases = (
				656F9ADC295D54B5003024D9 /* Sources */,
				656F9ADD295D54B5003024D9 /* Frameworks */,
				656F9ADE295D54B5003024D9 /* Resources */,
			);
			buildRules = (
			);
			dependencies = (
				656F9AE2295D54B5003024D9 /* PBXTargetDependency */,
			);
			name = QuizUITests;
			productName = QuizUITests;
			productReference = 656F9AE0295D54B5003024D9 /* QuizUITests.xctest */;
			productType = "com.apple.product-type.bundle.ui-testing";
		};
/* End PBXNativeTarget section */

/* Begin PBXProject section */
		656F9AB8295D54B3003024D9 /* Project object */ = {
			isa = PBXProject;
			attributes = {
				BuildIndependentTargetsInParallel = 1;
				LastSwiftUpdateCheck = 1420;
				LastUpgradeCheck = 1420;
				TargetAttributes = {
					656F9ABF295D54B3003024D9 = {
						CreatedOnToolsVersion = 14.2;
					};
					656F9AD5295D54B5003024D9 = {
						CreatedOnToolsVersion = 14.2;
						TestTargetID = 656F9ABF295D54B3003024D9;
					};
					656F9ADF295D54B5003024D9 = {
						CreatedOnToolsVersion = 14.2;
						TestTargetID = 656F9ABF295D54B3003024D9;
					};
				};
			};
			buildConfigurationList = 656F9ABB295D54B3003024D9 /* Build configuration list for PBXProject "Quiz" */;
			compatibilityVersion = "Xcode 14.0";
			developmentRegion = en;
			hasScannedForEncodings = 0;
			knownRegions = (
				en,
				Base,
			);
			mainGroup = 656F9AB7295D54B3003024D9;
			productRefGroup = 656F9AC1295D54B3003024D9 /* Products */;
			projectDirPath = "";
			projectRoot = "";
			targets = (
				656F9ABF295D54B3003024D9 /* Quiz */,
				656F9AD5295D54B5003024D9 /* QuizTests */,
				656F9ADF295D54B5003024D9 /* QuizUITests */,
			);
		};
/* End PBXProject section */

/* Begin PBXResourcesBuildPhase section */
		656F9ABE295D54B3003024D9 /* Resources */ = {
			isa = PBXResourcesBuildPhase;
			buildActionMask = 2147483647;
			files = (
				656F9AD0295D54B5003024D9 /* LaunchScreen.storyboard in Resources */,
				656F9ACD295D54B5003024D9 /* Assets.xcassets in Resources */,
				656F9ACB295D54B3003024D9 /* Main.storyboard in Resources */,
			);
			runOnlyForDeploymentPostprocessing = 0;
		};
		656F9AD4295D54B5003024D9 /* Resources */ = {
			isa = PBXResourcesBuildPhase;
			buildActionMask = 2147483647;
			files = (
			);
			runOnlyForDeploymentPostprocessing = 0;
		};
		656F9ADE295D54B5003024D9 /* Resources */ = {
			isa = PBXResourcesBuildPhase;
			buildActionMask = 2147483647;
			files = (
			);
			runOnlyForDeploymentPostprocessing = 0;
		};
/* End PBXResourcesBuildPhase section */

/* Begin PBXSourcesBuildPhase section */
		656F9ABC295D54B3003024D9 /* Sources */ = {
			isa = PBXSourcesBuildPhase;
			buildActionMask = 2147483647;
			files = (
				656F9AC8295D54B3003024D9 /* ViewController.swift in Sources */,
				656F9AC4295D54B3003024D9 /* AppDelegate.swift in Sources */,
				656F9AC6295D54B3003024D9 /* SceneDelegate.swift in Sources */,
			);
			runOnlyForDeploymentPostprocessing = 0;
		};
		656F9AD2295D54B5003024D9 /* Sources */ = {
			isa = PBXSourcesBuildPhase;
			buildActionMask = 2147483647;
			files = (
				656F9ADB295D54B5003024D9 /* QuizTests.swift in Sources */,
			);
			runOnlyForDeploymentPostprocessing = 0;
		};
		656F9ADC295D54B5003024D9 /* Sources */ = {
			isa = PBXSourcesBuildPhase;
			buildActionMask = 2147483647;
			files = (
				656F9AE5295D54B5003024D9 /* QuizUITests.swift in Sources */,
				656F9AE7295D54B5003024D9 /* QuizUITestsLaunchTests.swift in Sources */,
			);
			runOnlyForDeploymentPostprocessing = 0;
		};
/* End PBXSourcesBuildPhase section */

/* Begin PBXTargetDependency section */
		656F9AD8295D54B5003024D9 /* PBXTargetDependency */ = {
			isa = PBXTargetDependency;
			target = 656F9ABF295D54B3003024D9 /* Quiz */;
			targetProxy = 656F9AD7295D54B5003024D9 /* PBXContainerItemProxy */;
		};
		656F9AE2295D54B5003024D9 /* PBXTargetDependency */ = {
			isa = PBXTargetDependency;
			target = 656F9ABF295D54B3003024D9 /* Quiz */;
			targetProxy = 656F9AE1295D54B5003024D9 /* PBXContainerItemProxy */;
		};
/* End PBXTargetDependency section */

/* Begin PBXVariantGroup section */
		656F9AC9295D54B3003024D9 /* Main.storyboard */ = {
			isa = PBXVariantGroup;
			children = (
				656F9ACA295D54B3003024D9 /* Base */,
			);
			name = Main.storyboard;
			sourceTree = "<group>";
		};
		656F9ACE295D54B5003024D9 /* LaunchScreen.storyboard */ = {
			isa = PBXVariantGroup;
			children = (
				656F9ACF295D54B5003024D9 /* Base */,
			);
			name = LaunchScreen.storyboard;
			sourceTree = "<group>";
		};
/* End PBXVariantGroup section */

/* Begin XCBuildConfiguration section */
		656F9AE8295D54B5003024D9 /* Debug */ = {
			isa = XCBuildConfiguration;
			buildSettings = {
				ALWAYS_SEARCH_USER_PATHS = NO;
				CLANG_ANALYZER_NONNULL = YES;
				CLANG_ANALYZER_NUMBER_OBJECT_CONVERSION = YES_AGGRESSIVE;
				CLANG_CXX_LANGUAGE_STANDARD = "gnu++20";
				CLANG_ENABLE_MODULES = YES;
				CLANG_ENABLE_OBJC_ARC = YES;
				CLANG_ENABLE_OBJC_WEAK = YES;
				CLANG_WARN_BLOCK_CAPTURE_AUTORELEASING = YES;
				CLANG_WARN_BOOL_CONVERSION = YES;
				CLANG_WARN_COMMA = YES;
				CLANG_WARN_CONSTANT_CONVERSION = YES;
				CLANG_WARN_DEPRECATED_OBJC_IMPLEMENTATIONS = YES;
				CLANG_WARN_DIRECT_OBJC_ISA_USAGE = YES_ERROR;
				CLANG_WARN_DOCUMENTATION_COMMENTS = YES;
				CLANG_WARN_EMPTY_BODY = YES;
				CLANG_WARN_ENUM_CONVERSION = YES;
				CLANG_WARN_INFINITE_RECURSION = YES;
				CLANG_WARN_INT_CONVERSION = YES;
				CLANG_WARN_NON_LITERAL_NULL_CONVERSION = YES;
				CLANG_WARN_OBJC_IMPLICIT_RETAIN_SELF = YES;
				CLANG_WARN_OBJC_LITERAL_CONVERSION = YES;
				CLANG_WARN_OBJC_ROOT_CLASS = YES_ERROR;
				CLANG_WARN_QUOTED_INCLUDE_IN_FRAMEWORK_HEADER = YES;
				CLANG_WARN_RANGE_LOOP_ANALYSIS = YES;
				CLANG_WARN_STRICT_PROTOTYPES = YES;
				CLANG_WARN_SUSPICIOUS_MOVE = YES;
				CLANG_WARN_UNGUARDED_AVAILABILITY = YES_AGGRESSIVE;
				CLANG_WARN_UNREACHABLE_CODE = YES;
				CLANG_WARN__DUPLICATE_METHOD_MATCH = YES;
				COPY_PHASE_STRIP = NO;
				DEBUG_INFORMATION_FORMAT = dwarf;
				ENABLE_STRICT_OBJC_MSGSEND = YES;
				ENABLE_TESTABILITY = YES;
				GCC_C_LANGUAGE_STANDARD = gnu11;
				GCC_DYNAMIC_NO_PIC = NO;
				GCC_NO_COMMON_BLOCKS = YES;
				GCC_OPTIMIZATION_LEVEL = 0;
				GCC_PREPROCESSOR_DEFINITIONS = (
					"DEBUG=1",
					"$(inherited)",
				);
				GCC_WARN_64_TO_32_BIT_CONVERSION = YES;
				GCC_WARN_ABOUT_RETURN_TYPE = YES_ERROR;
				GCC_WARN_UNDECLARED_SELECTOR = YES;
				GCC_WARN_UNINITIALIZED_AUTOS = YES_AGGRESSIVE;
				GCC_WARN_UNUSED_FUNCTION = YES;
				GCC_WARN_UNUSED_VARIABLE = YES;
				IPHONEOS_DEPLOYMENT_TARGET = 16.2;
				MTL_ENABLE_DEBUG_INFO = INCLUDE_SOURCE;
				MTL_FAST_MATH = YES;
				ONLY_ACTIVE_ARCH = YES;
				SDKROOT = iphoneos;
				SWIFT_ACTIVE_COMPILATION_CONDITIONS = DEBUG;
				SWIFT_OPTIMIZATION_LEVEL = "-Onone";
			};
			name = Debug;
		};
		656F9AE9295D54B5003024D9 /* Release */ = {
			isa = XCBuildConfiguration;
			buildSettings = {
				ALWAYS_SEARCH_USER_PATHS = NO;
				CLANG_ANALYZER_NONNULL = YES;
				CLANG_ANALYZER_NUMBER_OBJECT_CONVERSION = YES_AGGRESSIVE;
				CLANG_CXX_LANGUAGE_STANDARD = "gnu++20";
				CLANG_ENABLE_MODULES = YES;
				CLANG_ENABLE_OBJC_ARC = YES;
				CLANG_ENABLE_OBJC_WEAK = YES;
				CLANG_WARN_BLOCK_CAPTURE_AUTORELEASING = YES;
				CLANG_WARN_BOOL_CONVERSION = YES;
				CLANG_WARN_COMMA = YES;
				CLANG_WARN_CONSTANT_CONVERSION = YES;
				CLANG_WARN_DEPRECATED_OBJC_IMPLEMENTATIONS = YES;
				CLANG_WARN_DIRECT_OBJC_ISA_USAGE = YES_ERROR;
				CLANG_WARN_DOCUMENTATION_COMMENTS = YES;
				CLANG_WARN_EMPTY_BODY = YES;
				CLANG_WARN_ENUM_CONVERSION = YES;
				CLANG_WARN_INFINITE_RECURSION = YES;
				CLANG_WARN_INT_CONVERSION = YES;
				CLANG_WARN_NON_LITERAL_NULL_CONVERSION = YES;
				CLANG_WARN_OBJC_IMPLICIT_RETAIN_SELF = YES;
				CLANG_WARN_OBJC_LITERAL_CONVERSION = YES;
				CLANG_WARN_OBJC_ROOT_CLASS = YES_ERROR;
				CLANG_WARN_QUOTED_INCLUDE_IN_FRAMEWORK_HEADER = YES;
				CLANG_WARN_RANGE_LOOP_ANALYSIS = YES;
				CLANG_WARN_STRICT_PROTOTYPES = YES;
				CLANG_WARN_SUSPICIOUS_MOVE = YES;
				CLANG_WARN_UNGUARDED_AVAILABILITY = YES_AGGRESSIVE;
				CLANG_WARN_UNREACHABLE_CODE = YES;
				CLANG_WARN__DUPLICATE_METHOD_MATCH = YES;
				COPY_PHASE_STRIP = NO;
				DEBUG_INFORMATION_FORMAT = "dwarf-with-dsym";
				ENABLE_NS_ASSERTIONS = NO;
				ENABLE_STRICT_OBJC_MSGSEND = YES;
				GCC_C_LANGUAGE_STANDARD = gnu11;
				GCC_NO_COMMON_BLOCKS = YES;
				GCC_WARN_64_TO_32_BIT_CONVERSION = YES;
				GCC_WARN_ABOUT_RETURN_TYPE = YES_ERROR;
				GCC_WARN_UNDECLARED_SELECTOR = YES;
				GCC_WARN_UNINITIALIZED_AUTOS = YES_AGGRESSIVE;
				GCC_WARN_UNUSED_FUNCTION = YES;
				GCC_WARN_UNUSED_VARIABLE = YES;
				IPHONEOS_DEPLOYMENT_TARGET = 16.2;
				MTL_ENABLE_DEBUG_INFO = NO;
				MTL_FAST_MATH = YES;
				SDKROOT = iphoneos;
				SWIFT_COMPILATION_MODE = wholemodule;
				SWIFT_OPTIMIZATION_LEVEL = "-O";
				VALIDATE_PRODUCT = YES;
			};
			name = Release;
		};
		656F9AEB295D54B5003024D9 /* Debug */ = {
			isa = XCBuildConfiguration;
			buildSettings = {
				ASSETCATALOG_COMPILER_APPICON_NAME = AppIcon;
				ASSETCATALOG_COMPILER_GLOBAL_ACCENT_COLOR_NAME = AccentColor;
				CODE_SIGN_STYLE = Automatic;
				CURRENT_PROJECT_VERSION = 1;
				GENERATE_INFOPLIST_FILE = YES;
				INFOPLIST_FILE = Quiz/Info.plist;
				INFOPLIST_KEY_UIApplicationSupportsIndirectInputEvents = YES;
				INFOPLIST_KEY_UILaunchStoryboardName = LaunchScreen;
				INFOPLIST_KEY_UIMainStoryboardFile = Main;
				INFOPLIST_KEY_UISupportedInterfaceOrientations_iPad = "UIInterfaceOrientationPortrait UIInterfaceOrientationPortraitUpsideDown UIInterfaceOrientationLandscapeLeft UIInterfaceOrientationLandscapeRight";
				INFOPLIST_KEY_UISupportedInterfaceOrientations_iPhone = "UIInterfaceOrientationPortrait UIInterfaceOrientationLandscapeLeft UIInterfaceOrientationLandscapeRight";
				LD_RUNPATH_SEARCH_PATHS = (
					"$(inherited)",
					"@executable_path/Frameworks",
				);
				MARKETING_VERSION = 1.0;
				PRODUCT_BUNDLE_IDENTIFIER = com.bignerdranch.Quiz;
				PRODUCT_NAME = "$(TARGET_NAME)";
				SWIFT_EMIT_LOC_STRINGS = YES;
				SWIFT_VERSION = 5.0;
				TARGETED_DEVICE_FAMILY = "1,2";
			};
			name = Debug;
		};
		656F9AEC295D54B5003024D9 /* Release */ = {
			isa = XCBuildConfiguration;
			buildSettings = {
				ASSETCATALOG_COMPILER_APPICON_NAME = AppIcon;
				ASSETCATALOG_COMPILER_GLOBAL_ACCENT_COLOR_NAME = AccentColor;
				CODE_SIGN_STYLE = Automatic;
				CURRENT_PROJECT_VERSION = 1;
				GENERATE_INFOPLIST_FILE = YES;
				INFOPLIST_FILE = Quiz/Info.plist;
				INFOPLIST_KEY_UIApplicationSupportsIndirectInputEvents = YES;
				INFOPLIST_KEY_UILaunchStoryboardName = LaunchScreen;
				INFOPLIST_KEY_UIMainStoryboardFile = Main;
				INFOPLIST_KEY_UISupportedInterfaceOrientations_iPad = "UIInterfaceOrientationPortrait UIInterfaceOrientationPortraitUpsideDown UIInterfaceOrientationLandscapeLeft UIInterfaceOrientationLandscapeRight";
				INFOPLIST_KEY_UISupportedInterfaceOrientations_iPhone = "UIInterfaceOrientationPortrait UIInterfaceOrientationLandscapeLeft UIInterfaceOrientationLandscapeRight";
				LD_RUNPATH_SEARCH_PATHS = (
					"$(inherited)",
					"@executable_path/Frameworks",
				);
				MARKETING_VERSION = 1.0;
				PRODUCT_BUNDLE_IDENTIFIER = com.bignerdranch.Quiz;
				PRODUCT_NAME = "$(TARGET_NAME)";
				SWIFT_EMIT_LOC_STRINGS = YES;
				SWIFT_VERSION = 5.0;
				TARGETED_DEVICE_FAMILY = "1,2";
			};
			name = Release;
		};
		656F9AEE295D54B5003024D9 /* Debug */ = {
			isa = XCBuildConfiguration;
			buildSettings = {
				ALWAYS_EMBED_SWIFT_STANDARD_LIBRARIES = YES;
				BUNDLE_LOADER = "$(TEST_HOST)";
				CODE_SIGN_STYLE = Automatic;
				CURRENT_PROJECT_VERSION = 1;
				GENERATE_INFOPLIST_FILE = YES;
				IPHONEOS_DEPLOYMENT_TARGET = 16.2;
				MARKETING_VERSION = 1.0;
				PRODUCT_BUNDLE_IDENTIFIER = com.bignerdranch.QuizTests;
				PRODUCT_NAME = "$(TARGET_NAME)";
				SWIFT_EMIT_LOC_STRINGS = NO;
				SWIFT_VERSION = 5.0;
				TARGETED_DEVICE_FAMILY = "1,2";
				TEST_HOST = "$(BUILT_PRODUCTS_DIR)/Quiz.app/$(BUNDLE_EXECUTABLE_FOLDER_PATH)/Quiz";
			};
			name = Debug;
		};
		656F9AEF295D54B5003024D9 /* Release */ = {
			isa = XCBuildConfiguration;
			buildSettings = {
				ALWAYS_EMBED_SWIFT_STANDARD_LIBRARIES = YES;
				BUNDLE_LOADER = "$(TEST_HOST)";
				CODE_SIGN_STYLE = Automatic;
				CURRENT_PROJECT_VERSION = 1;
				GENERATE_INFOPLIST_FILE = YES;
				IPHONEOS_DEPLOYMENT_TARGET = 16.2;
				MARKETING_VERSION = 1.0;
				PRODUCT_BUNDLE_IDENTIFIER = com.bignerdranch.QuizTests;
				PRODUCT_NAME = "$(TARGET_NAME)";
				SWIFT_EMIT_LOC_STRINGS = NO;
				SWIFT_VERSION = 5.0;
				TARGETED_DEVICE_FAMILY = "1,2";
				TEST_HOST = "$(BUILT_PRODUCTS_DIR)/Quiz.app/$(BUNDLE_EXECUTABLE_FOLDER_PATH)/Quiz";
			};
			name = Release;
		};
		656F9AF1295D54B5003024D9 /* Debug */ = {
			isa = XCBuildConfiguration;
			buildSettings = {
				ALWAYS_EMBED_SWIFT_STANDARD_LIBRARIES = YES;
				CODE_SIGN_STYLE = Automatic;
				CURRENT_PROJECT_VERSION = 1;
				GENERATE_INFOPLIST_FILE = YES;
				MARKETING_VERSION = 1.0;
				PRODUCT_BUNDLE_IDENTIFIER = com.bignerdranch.QuizUITests;
				PRODUCT_NAME = "$(TARGET_NAME)";
				SWIFT_EMIT_LOC_STRINGS = NO;
				SWIFT_VERSION = 5.0;
				TARGETED_DEVICE_FAMILY = "1,2";
				TEST_TARGET_NAME = Quiz;
			};
			name = Debug;
		};
		656F9AF2295D54B5003024D9 /* Release */ = {
			isa = XCBuildConfiguration;
			buildSettings = {
				ALWAYS_EMBED_SWIFT_STANDARD_LIBRARIES = YES;
				CODE_SIGN_STYLE = Automatic;
				CURRENT_PROJECT_VERSION = 1;
				GENERATE_INFOPLIST_FILE = YES;
				MARKETING_VERSION = 1.0;
				PRODUCT_BUNDLE_IDENTIFIER = com.bignerdranch.QuizUITests;
				PRODUCT_NAME = "$(TARGET_NAME)";
				SWIFT_EMIT_LOC_STRINGS = NO;
				SWIFT_VERSION = 5.0;
				TARGETED_DEVICE_FAMILY = "1,2";
				TEST_TARGET_NAME = Quiz;
			};
			name = Release;
		};
/* End XCBuildConfiguration section */

/* Begin XCConfigurationList section */
		656F9ABB295D54B3003024D9 /* Build configuration list for PBXProject "Quiz" */ = {
			isa = XCConfigurationList;
			buildConfigurations = (
				656F9AE8295D54B5003024D9 /* Debug */,
				656F9AE9295D54B5003024D9 /* Release */,
			);
			defaultConfigurationIsVisible = 0;
			defaultConfigurationName = Release;
		};
		656F9AEA295D54B5003024D9 /* Build configuration list for PBXNativeTarget "Quiz" */ = {
			isa = XCConfigurationList;
			buildConfigurations = (
				656F9AEB295D54B5003024D9 /* Debug */,
				656F9AEC295D54B5003024D9 /* Release */,
			);
			defaultConfigurationIsVisible = 0;
			defaultConfigurationName = Release;
		};
		656F9AED295D54B5003024D9 /* Build configuration list for PBXNativeTarget "QuizTests" */ = {
			isa = XCConfigurationList;
			buildConfigurations = (
				656F9AEE295D54B5003024D9 /* Debug */,
				656F9AEF295D54B5003024D9 /* Release */,
			);
			defaultConfigurationIsVisible = 0;
			defaultConfigurationName = Release;
		};
		656F9AF0295D54B5003024D9 /* Build configuration list for PBXNativeTarget "QuizUITests" */ = {
			isa = XCConfigurationList;
			buildConfigurations = (
				656F9AF1295D54B5003024D9 /* Debug */,
				656F9AF2295D54B5003024D9 /* Release */,
			);
			defaultConfigurationIsVisible = 0;
			defaultConfigurationName = Release;
		};
/* End XCConfigurationList section */
	};
	rootObject = 656F9AB8295D54B3003024D9 /* Project object */;
}
